# This file is automatically @generated by Poetry 1.6.1 and should not be changed by hand.

[[package]]
name = "fsspec"
version = "2023.6.0"
description = "File-system specification"
optional = false
python-versions = ">=3.8"
files = [
    {file = "fsspec-2023.6.0-py3-none-any.whl", hash = "sha256:1cbad1faef3e391fba6dc005ae9b5bdcbf43005c9167ce78c915549c352c869a"},
    {file = "fsspec-2023.6.0.tar.gz", hash = "sha256:d0b2f935446169753e7a5c5c55681c54ea91996cc67be93c39a154fb3a2742af"},
]

[package.extras]
abfs = ["adlfs"]
adl = ["adlfs"]
arrow = ["pyarrow (>=1)"]
dask = ["dask", "distributed"]
devel = ["pytest", "pytest-cov"]
dropbox = ["dropbox", "dropboxdrivefs", "requests"]
full = ["adlfs", "aiohttp (!=4.0.0a0,!=4.0.0a1)", "dask", "distributed", "dropbox", "dropboxdrivefs", "fusepy", "gcsfs", "libarchive-c", "ocifs", "panel", "paramiko", "pyarrow (>=1)", "pygit2", "requests", "s3fs", "smbprotocol", "tqdm"]
fuse = ["fusepy"]
gcs = ["gcsfs"]
git = ["pygit2"]
github = ["requests"]
gs = ["gcsfs"]
gui = ["panel"]
hdfs = ["pyarrow (>=1)"]
http = ["aiohttp (!=4.0.0a0,!=4.0.0a1)", "requests"]
libarchive = ["libarchive-c"]
oci = ["ocifs"]
s3 = ["s3fs"]
sftp = ["paramiko"]
smb = ["smbprotocol"]
ssh = ["paramiko"]
tqdm = ["tqdm"]

[[package]]
name = "juicefs"
version = "0.0.4"
description = "JuiceFS Python SDK"
optional = false
python-versions = ">=3.5"
files = [
    {file = "juicefs-0.0.4-py3-none-macosx_10_15_x86_64.whl", hash = "sha256:2189cf99bffe4b9f41d541aabe010849e56dde42c88b12dff2ea208e1256e5bd"},
    {file = "juicefs-0.0.4-py3-none-manylinux2014_x86_64.whl", hash = "sha256:8860beb8b8d19202bbd685573a601cab196bc8cf0de404fb1a4241f13feee366"},
    {file = "juicefs-0.0.4-py3-none-win_amd64.whl", hash = "sha256:f16e1ac16ed665e428079ee5abb4a3bda5af550983db488ddcd6bdec9ec1bab5"},
]

[package.source]
type = "legacy"
url = "https://pypi.tuna.tsinghua.edu.cn/simple"
reference = "tsinghua"

[metadata]
lock-version = "2.0"
python-versions = "^3.8"
content-hash = "7bfdbced89410f4c99bec2e23006a09ce50712501df870a367143b4bed1a9f6e"
